
Microsoft Visual Studio Solution File, Format Version 12.00
# Visual Studio Version 16
VisualStudioVersion = 16.0.31005.135
MinimumVisualStudioVersion = 10.0.40219.1
Project("{FAE04EC0-301F-11D3-BF4B-00C04F79EFBC}") = "AngularProject", "AngularProject\AngularProject.csproj", "{88E74142-9765-4E2C-B9FE-3005B26A1806}"
EndProject
Global
	GlobalSection(SolutionConfigurationPlatforms) = preSolution
		Debug|Any CPU = Debug|Any CPU
		Release|Any CPU = Release|Any CPU
	EndGlobalSection
	GlobalSection(ProjectConfigurationPlatforms) = postSolution
		{88E74142-9765-4E2C-B9FE-3005B26A1806}.Debug|Any CPU.ActiveCfg = Debug|Any CPU
		{88E74142-9765-4E2C-B9FE-3005B26A1806}.Debug|Any CPU.Build.0 = Debug|Any CPU
		{88E74142-9765-4E2C-B9FE-3005B26A1806}.Release|Any CPU.ActiveCfg = Release|Any CPU
		{88E74142-9765-4E2C-B9FE-3005B26A1806}.Release|Any CPU.Build.0 = Release|Any CPU
	EndGlobalSection
	GlobalSection(SolutionProperties) = preSolution
		HideSolutionNode = FALSE
	EndGlobalSection
	GlobalSection(ExtensibilityGlobals) = postSolution
		SolutionGuid = {5AA6B120-F449-4D78-9E47-70FF289AB478}
	EndGlobalSection
EndGlobal
